
Microsoft Visual Studio Solution File, Format Version 12.00
# Visual Studio Version 17
VisualStudioVersion = 17.11.35312.102
MinimumVisualStudioVersion = 10.0.40219.1
Project("{9A19103F-16F7-4668-BE54-9A1E7A4F7556}") = "backend", "backend.csproj", "{892BCB98-0011-42F3-A6C5-4D4046C3B4DE}"
EndProject
Global
	GlobalSection(SolutionConfigurationPlatforms) = preSolution
		Debug|Any CPU = Debug|Any CPU
		Release|Any CPU = Release|Any CPU
	EndGlobalSection
	GlobalSection(ProjectConfigurationPlatforms) = postSolution
		{892BCB98-0011-42F3-A6C5-4D4046C3B4DE}.Debug|Any CPU.ActiveCfg = Debug|Any CPU
		{892BCB98-0011-42F3-A6C5-4D4046C3B4DE}.Debug|Any CPU.Build.0 = Debug|Any CPU
		{892BCB98-0011-42F3-A6C5-4D4046C3B4DE}.Release|Any CPU.ActiveCfg = Release|Any CPU
		{892BCB98-0011-42F3-A6C5-4D4046C3B4DE}.Release|Any CPU.Build.0 = Release|Any CPU
	EndGlobalSection
	GlobalSection(SolutionProperties) = preSolution
		HideSolutionNode = FALSE
	EndGlobalSection
	GlobalSection(ExtensibilityGlobals) = postSolution
		SolutionGuid = {964A03AB-E423-4A3D-8048-A5C415537ACB}
	EndGlobalSection
EndGlobal
